
Microsoft Visual Studio Solution File, Format Version 12.00
# Visual Studio 2013
VisualStudioVersion = 12.0.31101.0
MinimumVisualStudioVersion = 10.0.40219.1
Project("{FAE04EC0-301F-11D3-BF4B-00C04F79EFBC}") = "AdventureWorksWeb", "AdventureWorksWebAPI\AdventureWorksWeb.csproj", "{8F1C5C7E-4CB3-4279-9C1F-69F401E53A32}"
EndProject
Project("{FAE04EC0-301F-11D3-BF4B-00C04F79EFBC}") = "AdventureWorksService", "AdventureWorksService\AdventureWorksService.csproj", "{AC90BE64-8608-4CCC-9272-4090C038FE1E}"
EndProject
Global
	GlobalSection(SolutionConfigurationPlatforms) = preSolution
		Debug|Any CPU = Debug|Any CPU
		Release|Any CPU = Release|Any CPU
	EndGlobalSection
	GlobalSection(ProjectConfigurationPlatforms) = postSolution
		{8F1C5C7E-4CB3-4279-9C1F-69F401E53A32}.Debug|Any CPU.ActiveCfg = Debug|Any CPU
		{8F1C5C7E-4CB3-4279-9C1F-69F401E53A32}.Debug|Any CPU.Build.0 = Debug|Any CPU
		{8F1C5C7E-4CB3-4279-9C1F-69F401E53A32}.Release|Any CPU.ActiveCfg = Release|Any CPU
		{8F1C5C7E-4CB3-4279-9C1F-69F401E53A32}.Release|Any CPU.Build.0 = Release|Any CPU
		{AC90BE64-8608-4CCC-9272-4090C038FE1E}.Debug|Any CPU.ActiveCfg = Debug|Any CPU
		{AC90BE64-8608-4CCC-9272-4090C038FE1E}.Debug|Any CPU.Build.0 = Debug|Any CPU
		{AC90BE64-8608-4CCC-9272-4090C038FE1E}.Release|Any CPU.ActiveCfg = Release|Any CPU
		{AC90BE64-8608-4CCC-9272-4090C038FE1E}.Release|Any CPU.Build.0 = Release|Any CPU
	EndGlobalSection
	GlobalSection(SolutionProperties) = preSolution
		HideSolutionNode = FALSE
	EndGlobalSection
EndGlobal
